
Microsoft Visual Studio Solution File, Format Version 12.00
# Visual Studio 15
VisualStudioVersion = 15.0.26730.12
MinimumVisualStudioVersion = 10.0.40219.1
Project("{2150E333-8FDC-42A3-9474-1A3956D46DE8}") = "Solution Items", "Solution Items", "{51AB3729-FF3A-41ED-887F-BBD3D589A805}"
	ProjectSection(SolutionItems) = preProject
		LICENSE.md = LICENSE.md
		logo.png = logo.png
		README.md = README.md
	EndProjectSection
EndProject
Project("{9A19103F-16F7-4668-BE54-9A1E7A4F7556}") = "Doc2web", "Doc2web\Doc2web.csproj", "{0CF6B9B7-4856-46BB-A59A-01A08198FB82}"
EndProject
Project("{9A19103F-16F7-4668-BE54-9A1E7A4F7556}") = "Doc2web.CLI", "Doc2web.CLI\Doc2web.CLI.csproj", "{D18C816E-3B82-4BEA-A00C-1E74777B9A20}"
EndProject
Project("{9A19103F-16F7-4668-BE54-9A1E7A4F7556}") = "Doc2web.Tests", "Doc2web.Tests\Doc2web.Tests.csproj", "{989C5117-46AA-4B24-A153-D61F50954625}"
EndProject
Project("{FAE04EC0-301F-11D3-BF4B-00C04F79EFBC}") = "Doc2web.Benchmark", "Doc2web.Benchmark\Doc2web.Benchmark.csproj", "{30AABA21-FE31-48B4-93C6-44BC28AC563D}"
EndProject
Global
	GlobalSection(SolutionConfigurationPlatforms) = preSolution
		Debug|Any CPU = Debug|Any CPU
		Release|Any CPU = Release|Any CPU
	EndGlobalSection
	GlobalSection(ProjectConfigurationPlatforms) = postSolution
		{0CF6B9B7-4856-46BB-A59A-01A08198FB82}.Debug|Any CPU.ActiveCfg = Debug|Any CPU
		{0CF6B9B7-4856-46BB-A59A-01A08198FB82}.Debug|Any CPU.Build.0 = Debug|Any CPU
		{0CF6B9B7-4856-46BB-A59A-01A08198FB82}.Release|Any CPU.ActiveCfg = Release|Any CPU
		{0CF6B9B7-4856-46BB-A59A-01A08198FB82}.Release|Any CPU.Build.0 = Release|Any CPU
		{D18C816E-3B82-4BEA-A00C-1E74777B9A20}.Debug|Any CPU.ActiveCfg = Debug|Any CPU
		{D18C816E-3B82-4BEA-A00C-1E74777B9A20}.Debug|Any CPU.Build.0 = Debug|Any CPU
		{D18C816E-3B82-4BEA-A00C-1E74777B9A20}.Release|Any CPU.ActiveCfg = Release|Any CPU
		{D18C816E-3B82-4BEA-A00C-1E74777B9A20}.Release|Any CPU.Build.0 = Release|Any CPU
		{989C5117-46AA-4B24-A153-D61F50954625}.Debug|Any CPU.ActiveCfg = Debug|Any CPU
		{989C5117-46AA-4B24-A153-D61F50954625}.Debug|Any CPU.Build.0 = Debug|Any CPU
		{989C5117-46AA-4B24-A153-D61F50954625}.Release|Any CPU.ActiveCfg = Release|Any CPU
		{989C5117-46AA-4B24-A153-D61F50954625}.Release|Any CPU.Build.0 = Release|Any CPU
		{30AABA21-FE31-48B4-93C6-44BC28AC563D}.Debug|Any CPU.ActiveCfg = Debug|Any CPU
		{30AABA21-FE31-48B4-93C6-44BC28AC563D}.Debug|Any CPU.Build.0 = Debug|Any CPU
		{30AABA21-FE31-48B4-93C6-44BC28AC563D}.Release|Any CPU.ActiveCfg = Release|Any CPU
		{30AABA21-FE31-48B4-93C6-44BC28AC563D}.Release|Any CPU.Build.0 = Release|Any CPU
	EndGlobalSection
	GlobalSection(SolutionProperties) = preSolution
		HideSolutionNode = FALSE
	EndGlobalSection
	GlobalSection(ExtensibilityGlobals) = postSolution
		SolutionGuid = {ABD6D886-B283-43D1-AED1-C7A85DC7E020}
	EndGlobalSection
EndGlobal
