
Microsoft Visual Studio Solution File, Format Version 12.00
# Visual Studio 15
VisualStudioVersion = 15.0.26730.16
MinimumVisualStudioVersion = 10.0.40219.1
Project("{2150E333-8FDC-42A3-9474-1A3956D46DE8}") = "Solution Items", "Solution Items", "{51AB3729-FF3A-41ED-887F-BBD3D589A805}"
	ProjectSection(SolutionItems) = preProject
		.dockerignore = .dockerignore
		DOCKERFILE = DOCKERFILE
		LICENSE.md = LICENSE.md
		logo.png = logo.png
		README.md = README.md
	EndProjectSection
EndProject
Project("{9A19103F-16F7-4668-BE54-9A1E7A4F7556}") = "Doc2web", "Doc2web\Doc2web.csproj", "{0CF6B9B7-4856-46BB-A59A-01A08198FB82}"
EndProject
Project("{9A19103F-16F7-4668-BE54-9A1E7A4F7556}") = "Doc2web.CLI", "Doc2web.CLI\Doc2web.CLI.csproj", "{D18C816E-3B82-4BEA-A00C-1E74777B9A20}"
EndProject
Project("{9A19103F-16F7-4668-BE54-9A1E7A4F7556}") = "Doc2web.Tests", "Doc2web.Tests\Doc2web.Tests.csproj", "{989C5117-46AA-4B24-A153-D61F50954625}"
EndProject
Project("{9A19103F-16F7-4668-BE54-9A1E7A4F7556}") = "Doc2web.Benchmark", "Doc2web.Benchmark\Doc2web.Benchmark.csproj", "{30AABA21-FE31-48B4-93C6-44BC28AC563D}"
EndProject
Project("{2150E333-8FDC-42A3-9474-1A3956D46DE8}") = "Samples", "Samples", "{37D412A9-8793-4AA5-A37C-D6C386DA063F}"
	ProjectSection(SolutionItems) = preProject
		Samples\09112015.docx = Samples\09112015.docx
		Samples\0c17d6e8-6f54-27af-f392-953b2164bc3d.docx = Samples\0c17d6e8-6f54-27af-f392-953b2164bc3d.docx
		Samples\10-faqs-about-averaging-overtime.docx = Samples\10-faqs-about-averaging-overtime.docx
		Samples\1018.docx = Samples\1018.docx
		Samples\1111530602_331441.docx = Samples\1111530602_331441.docx
		Samples\13-019-Amendment-0003-Supporting-Document---Sample-Cooperative-Agreement.ashx.docx = Samples\13-019-Amendment-0003-Supporting-Document---Sample-Cooperative-Agreement.ashx.docx
		Samples\1374789_1.docx = Samples\1374789_1.docx
		Samples\141.docx = Samples\141.docx
		Samples\1574353_mall_inter_institutional_agreement_partner_programme_2016_2018.docx = Samples\1574353_mall_inter_institutional_agreement_partner_programme_2016_2018.docx
		Samples\17_2016SamplePreContractAgreement.docx = Samples\17_2016SamplePreContractAgreement.docx
		Samples\2-17-facilities-use-agreement-template.docx = Samples\2-17-facilities-use-agreement-template.docx
		Samples\2012_122a.docx = Samples\2012_122a.docx
		Samples\201311 Buzz Collaborative Development and Licensing Agreement.docx = Samples\201311 Buzz Collaborative Development and Licensing Agreement.docx
		Samples\2013S_RFP_AssetPurchaseandSaleAgreement_04302013.docx = Samples\2013S_RFP_AssetPurchaseandSaleAgreement_04302013.docx
		Samples\2014-10-28 Speaker-Participation Agreement.docx = Samples\2014-10-28 Speaker-Participation Agreement.docx
		Samples\2015 Vendor Agreement - Harvest Fair .docx = Samples\2015 Vendor Agreement - Harvest Fair .docx
		Samples\20150226-ecsel-pca-v-5-final.docx = Samples\20150226-ecsel-pca-v-5-final.docx
		Samples\20151222_221955_27792.docx = Samples\20151222_221955_27792.docx
		Samples\2016 03 24_TSU_LCBC_2015-2016 COLLECTIVE AGREEMENT_PART B (V10) (1).docx = Samples\2016 03 24_TSU_LCBC_2015-2016 COLLECTIVE AGREEMENT_PART B (V10) (1).docx
		Samples\2017-consortium-agreement-ppp-projects-template.docx = Samples\2017-consortium-agreement-ppp-projects-template.docx
		Samples\2de721af-e52e-4a01-8f32-c146a5ba6621.docx = Samples\2de721af-e52e-4a01-8f32-c146a5ba6621.docx
		Samples\2f4e5c4e-0741-6649-40ce-a645ab7aa41c.docx = Samples\2f4e5c4e-0741-6649-40ce-a645ab7aa41c.docx
		Samples\2ndGear_Sales_and_Services_Agreement_WebTerms_9-15-2016_00022235xD8FF3.docx = Samples\2ndGear_Sales_and_Services_Agreement_WebTerms_9-15-2016_00022235xD8FF3.docx
		Samples\3144934BD6E949F3B6B35778C2052E52.docx = Samples\3144934BD6E949F3B6B35778C2052E52.docx
		Samples\35576.docx = Samples\35576.docx
		Samples\3f6d04a5-4ba0-c0a4-ffb8-8e72827302b1.docx = Samples\3f6d04a5-4ba0-c0a4-ffb8-8e72827302b1.docx
		Samples\4384de78-b792-a5ad-4886-af42106392bc.docx = Samples\4384de78-b792-a5ad-4886-af42106392bc.docx
		Samples\4400e05c-a617-0a87-2d87-318db8bb5991.docx = Samples\4400e05c-a617-0a87-2d87-318db8bb5991.docx
		Samples\452cc019-296e-4f1a-67f9-79e566d1b5fc.docx = Samples\452cc019-296e-4f1a-67f9-79e566d1b5fc.docx
		Samples\51999.docx = Samples\51999.docx
		Samples\5d8b75aa-4ee3-4158-8746-6ee0538ccdba.docx = Samples\5d8b75aa-4ee3-4158-8746-6ee0538ccdba.docx
		Samples\6756.docx = Samples\6756.docx
		Samples\697_Ins_Agree_2015_-_2018-2.docx = Samples\697_Ins_Agree_2015_-_2018-2.docx
		Samples\6dcc0d55-675b-b4ee-59ce-b9399769b3d4.docx = Samples\6dcc0d55-675b-b4ee-59ce-b9399769b3d4.docx
		Samples\787e9047-dde8-b8d7-ebe2-a18095fec4fa.docx = Samples\787e9047-dde8-b8d7-ebe2-a18095fec4fa.docx
		Samples\7c1cfa2d-2176-4b4c-8fad-bdb64c6423c9.docx = Samples\7c1cfa2d-2176-4b4c-8fad-bdb64c6423c9.docx
		Samples\7cecd640-e232-566f-1638-6f6849b6a37e.docx = Samples\7cecd640-e232-566f-1638-6f6849b6a37e.docx
		Samples\8-29--13  Contract-Professional Services rev.docx = Samples\8-29--13  Contract-Professional Services rev.docx
		Samples\8108a285-e21e-8c1f-e44c-a90ec5935c30.docx = Samples\8108a285-e21e-8c1f-e44c-a90ec5935c30.docx
		Samples\89b5465e-1abf-7685-7109-9a72384df50a.docx = Samples\89b5465e-1abf-7685-7109-9a72384df50a.docx
		Samples\8d4b3bab-9c9a-a08c-01c5-1b149e1721dc.docx = Samples\8d4b3bab-9c9a-a08c-01c5-1b149e1721dc.docx
		Samples\90776e72-13b3-729d-4053-9ca9f1ec0341.docx = Samples\90776e72-13b3-729d-4053-9ca9f1ec0341.docx
		Samples\9631fa80-2d13-8218-964c-4316fde3cc95.docx = Samples\9631fa80-2d13-8218-964c-4316fde3cc95.docx
		Samples\9d1e510a-1875-127d-eebe-493bc6f45c67.docx = Samples\9d1e510a-1875-127d-eebe-493bc6f45c67.docx
		Samples\a73ed61c-75d2-a74c-7020-c1d4a8ab129d.docx = Samples\a73ed61c-75d2-a74c-7020-c1d4a8ab129d.docx
		Samples\ACENZ_ShortFormAgrmt_Apr2016_locked.docx = Samples\ACENZ_ShortFormAgrmt_Apr2016_locked.docx
		Samples\ACOA Direct - Online Agreement.docx = Samples\ACOA Direct - Online Agreement.docx
		Samples\actor-agreement.docx = Samples\actor-agreement.docx
		Samples\affymetrix-formatted.docx = Samples\affymetrix-formatted.docx
		Samples\Agreement 6-9-2015 USSA Affiliate Board approved (1).docx = Samples\Agreement 6-9-2015 USSA Affiliate Board approved (1).docx
		Samples\Agreement to Cooperate Form.docx = Samples\Agreement to Cooperate Form.docx
		Samples\Agreement-Template-General-MOU.docx = Samples\Agreement-Template-General-MOU.docx
		Samples\Agreement-Template-Student-Exchange.docx = Samples\Agreement-Template-Student-Exchange.docx
		Samples\agreement.docx = Samples\agreement.docx
		Samples\Agreement_en.docx = Samples\Agreement_en.docx
		Samples\agreement_to_provide_legal_services_-_hughes.docx = Samples\agreement_to_provide_legal_services_-_hughes.docx
		Samples\amendment-formatted.docx = Samples\amendment-formatted.docx
		Samples\Aminex Confidentiality Agreement - DISCLOSING - FIRST ENERGY.docx = Samples\Aminex Confidentiality Agreement - DISCLOSING - FIRST ENERGY.docx
		Samples\Amplitude-Form-of-ISO-Agreement-2014-Plan.docx = Samples\Amplitude-Form-of-ISO-Agreement-2014-Plan.docx
		Samples\Annex 10 - Template Project Consortium Agreement - Version 15 February 2015.docx = Samples\Annex 10 - Template Project Consortium Agreement - Version 15 February 2015.docx
		Samples\Appendix H - EWA Sample Template.docx = Samples\Appendix H - EWA Sample Template.docx
		Samples\Appendix-B_Template-for-a-Collaborative-Research-Agreement.docx = Samples\Appendix-B_Template-for-a-Collaborative-Research-Agreement.docx
		Samples\appendix_a__custody_contract_2b39c1f56f705.docx = Samples\appendix_a__custody_contract_2b39c1f56f705.docx
		Samples\AppendixFIMRPRFAOhioMedicaidExternalDUAFillableFY16andFY17.docx = Samples\AppendixFIMRPRFAOhioMedicaidExternalDUAFillableFY16andFY17.docx
		Samples\apple.docx = Samples\apple.docx
		Samples\APX. B - Draft MSA.docx = Samples\APX. B - Draft MSA.docx
		Samples\Army Pathways Programs Participant AgreementsV2.docx = Samples\Army Pathways Programs Participant AgreementsV2.docx
		Samples\Article 41 Final.docx = Samples\Article 41 Final.docx
		Samples\ASSET-TRANSFER-AGREEMENT.FINAL.DOCX.docx = Samples\ASSET-TRANSFER-AGREEMENT.FINAL.DOCX.docx
		Samples\Attachment5_(Letter_Agreement).docx = Samples\Attachment5_(Letter_Agreement).docx
		Samples\Australia-Lebanon-Agreement-Information-for-parents.docx = Samples\Australia-Lebanon-Agreement-Information-for-parents.docx
		Samples\b6c31a9f-02d7-c286-e5fe-bf450bea3154.docx = Samples\b6c31a9f-02d7-c286-e5fe-bf450bea3154.docx
		Samples\bad_ass_advisors_advisor_agreement_v1.1.docx = Samples\bad_ass_advisors_advisor_agreement_v1.1.docx
		Samples\Bailment_Agreement_80-QPP-D-022.docx = Samples\Bailment_Agreement_80-QPP-D-022.docx
		Samples\banking_agreement.docx = Samples\banking_agreement.docx
		Samples\Bareboat Charter Agreement.docx = Samples\Bareboat Charter Agreement.docx
		Samples\BDE 100 Template.docx = Samples\BDE 100 Template.docx
		Samples\bdm4_form_8_2.DOCX.docx = Samples\bdm4_form_8_2.DOCX.docx
		Samples\bee3dd45-d306-d05d-bca9-befc987009c2.docx = Samples\bee3dd45-d306-d05d-bca9-befc987009c2.docx
		Samples\BridgeFinancingLoanAgreement2013_EN.docx = Samples\BridgeFinancingLoanAgreement2013_EN.docx
		Samples\broker-agreement.docx = Samples\broker-agreement.docx
		Samples\Bus-Contractor-Agreement.docx = Samples\Bus-Contractor-Agreement.docx
		Samples\Business-Associate-Agreement.docx = Samples\Business-Associate-Agreement.docx
		Samples\BVARI Study Start-Up Agreement Final template.docx = Samples\BVARI Study Start-Up Agreement Final template.docx
		Samples\CAPLA-RAA-2015-09-03.docx = Samples\CAPLA-RAA-2015-09-03.docx
		Samples\career_forum_-_platinum_package_vendor_agreement.docx = Samples\career_forum_-_platinum_package_vendor_agreement.docx
		Samples\cbl-agreement---whole-class-experience.docx = Samples\cbl-agreement---whole-class-experience.docx
		Samples\CCSY-Fact-sheet-English.docx = Samples\CCSY-Fact-sheet-English.docx
		Samples\CD-VCDP-RealEstateOptionAgreement.docx = Samples\CD-VCDP-RealEstateOptionAgreement.docx
		Samples\cda_cdc_is_recipient_v8-13.docx = Samples\cda_cdc_is_recipient_v8-13.docx
		Samples\CESU_Interim_Task_Agreement_Template.docx = Samples\CESU_Interim_Task_Agreement_Template.docx
		Samples\ch8_Exhibit_3_user_agreement.docx = Samples\ch8_Exhibit_3_user_agreement.docx
		Samples\change-of-name-agreement.docx = Samples\change-of-name-agreement.docx
		Samples\Changes to the original learning agreement.docx = Samples\Changes to the original learning agreement.docx
		Samples\clinical-investigation-agreement-medico-template.docx = Samples\clinical-investigation-agreement-medico-template.docx
		Samples\clinical-trial-agreement-nefarma-nfu-stz-acron-nki-1july2016-final-clean-version.docx = Samples\clinical-trial-agreement-nefarma-nfu-stz-acron-nki-1july2016-final-clean-version.docx
		Samples\cloud-services-EU-dpa.docx = Samples\cloud-services-EU-dpa.docx
		Samples\CO04 - 04.13 Carrier Service Level Agreement.docx = Samples\CO04 - 04.13 Carrier Service Level Agreement.docx
		Samples\collaborative practice agreement for nurse practitioner.docx = Samples\collaborative practice agreement for nurse practitioner.docx
		Samples\CollaborativePracticeAgreementInstructionsExampleSinglePhysician62014.docx = Samples\CollaborativePracticeAgreementInstructionsExampleSinglePhysician62014.docx
		Samples\College-Standard-AffiliationAgreement-September-2014.docx = Samples\College-Standard-AffiliationAgreement-September-2014.docx
		Samples\CON-NDA-TMP-01-2012-v1 Non-Disclosure Agreement.doc.docx = Samples\CON-NDA-TMP-01-2012-v1 Non-Disclosure Agreement.doc.docx
		Samples\Conf-Agreement-Template.docx = Samples\Conf-Agreement-Template.docx
		Samples\Confidential-Information-and-Invention-Assignment-Agreement-Consultant.docx = Samples\Confidential-Information-and-Invention-Assignment-Agreement-Consultant.docx
		Samples\Confidentiality Agreement Template.docx = Samples\Confidentiality Agreement Template.docx
		Samples\Confidentiality-Agreement-Multi-Party.doc.docx = Samples\Confidentiality-Agreement-Multi-Party.doc.docx
		Samples\Confidentiality-and-Proprietary-Information-Agreement.docx = Samples\Confidentiality-and-Proprietary-Information-Agreement.docx
		Samples\Conservation Agreement.docx = Samples\Conservation Agreement.docx
		Samples\consortium agreement.docx = Samples\consortium agreement.docx
		Samples\ConsortiumAgreementTemplate.docx = Samples\ConsortiumAgreementTemplate.docx
		Samples\Consult.Svcs.Agmt.Template.docx = Samples\Consult.Svcs.Agmt.Template.docx
		Samples\content-contribution-agreement.docx = Samples\content-contribution-agreement.docx
		Samples\Contract Term document 10-11.docx = Samples\Contract Term document 10-11.docx
		Samples\contract-for-outreach-services.docx = Samples\contract-for-outreach-services.docx
		Samples\contractors_agreement.docx = Samples\contractors_agreement.docx
		Samples\Cooperative-Research-Centres-Project-Funding-Agreement-Template-WORD.docx = Samples\Cooperative-Research-Centres-Project-Funding-Agreement-Template-WORD.docx
		Samples\Cooperative-Research-Centres-Project-Participants-Agreement-Template-WORD.docx = Samples\Cooperative-Research-Centres-Project-Participants-Agreement-Template-WORD.docx
		Samples\Cooperative_Agreement.docx = Samples\Cooperative_Agreement.docx
		Samples\Copy of INFO_Non-compete-Employment Agreement.docx = Samples\Copy of INFO_Non-compete-Employment Agreement.docx
		Samples\Core-Request-Form-11-2-2012.docx = Samples\Core-Request-Form-11-2-2012.docx
		Samples\Credentialing Agreement.docx = Samples\Credentialing Agreement.docx
		Samples\CRWP - Inspection and Maintenance Agreement Model - Sept08.docx = Samples\CRWP - Inspection and Maintenance Agreement Model - Sept08.docx
		Samples\csc-190sam-student-enrollment-agreement-sample-twc.docx = Samples\csc-190sam-student-enrollment-agreement-sample-twc.docx
		Samples\ctti-iaatemplate-2015-04-27_6.docx = Samples\ctti-iaatemplate-2015-04-27_6.docx
		Samples\CVC_Research_Core_Services_Agreement.docx = Samples\CVC_Research_Core_Services_Agreement.docx
		Samples\Data Sharing Agreement Mosaic PCN Final.docx = Samples\Data Sharing Agreement Mosaic PCN Final.docx
		Samples\Data-Centre-Hosting-Agreement.docx = Samples\Data-Centre-Hosting-Agreement.docx
		Samples\Data-Sharing-Agreement-Outside-Parties-Template.docx = Samples\Data-Sharing-Agreement-Outside-Parties-Template.docx
		Samples\Data-Transfer-Agreement-template-08Jul2014.docx = Samples\Data-Transfer-Agreement-template-08Jul2014.docx
		Samples\dd0bb0fc-213d-3bda-ed13-b11af23cbd9c.docx = Samples\dd0bb0fc-213d-3bda-ed13-b11af23cbd9c.docx
		Samples\Deed of agreement.docx = Samples\Deed of agreement.docx
		Samples\Delayed Budget Intercept Agreement.docx = Samples\Delayed Budget Intercept Agreement.docx
		Samples\delegation_agreement_fill_in.docx = Samples\delegation_agreement_fill_in.docx
		Samples\DELTA-SIGMA-PHI-FOUNDATION-GRANT-AWARD-AGREEMENT.docx = Samples\DELTA-SIGMA-PHI-FOUNDATION-GRANT-AWARD-AGREEMENT.docx
		Samples\DES-Maintenance-and-Monitoring-Agreement.docx = Samples\DES-Maintenance-and-Monitoring-Agreement.docx
		Samples\Design and Construction Agreement Template and Attachment E   9.13.11.docx = Samples\Design and Construction Agreement Template and Attachment E   9.13.11.docx
		Samples\Development Agreement Template 2015.docx = Samples\Development Agreement Template 2015.docx
		Samples\DFS-A2-2102SummaryofContractualServicesAgreement.docx = Samples\DFS-A2-2102SummaryofContractualServicesAgreement.docx
		Samples\diamond-formatted.docx = Samples\diamond-formatted.docx
		Samples\DOR.OCG.C.13 Equipment Loan Agreement.docx = Samples\DOR.OCG.C.13 Equipment Loan Agreement.docx
		Samples\download.docx = Samples\download.docx
		Samples\Draft Final Agreement 5 25 16.docx = Samples\Draft Final Agreement 5 25 16.docx
		Samples\Draft-In-Kind Services Agreement.docx = Samples\Draft-In-Kind Services Agreement.docx
		Samples\Drone-Contract-Revised-6-30-16.docx = Samples\Drone-Contract-Revised-6-30-16.docx
		Samples\e10492b9-f1d5-e283-844f-44fafe082480.docx = Samples\e10492b9-f1d5-e283-844f-44fafe082480.docx
		Samples\EICC-VAP-AECI.docx = Samples\EICC-VAP-AECI.docx
		Samples\EMPLOYEE-CONSENT-FOR-GREEN-CARD-ORIGINAL.docx = Samples\EMPLOYEE-CONSENT-FOR-GREEN-CARD-ORIGINAL.docx
		Samples\EMPLOYMENT AGREEMENT.docx = Samples\EMPLOYMENT AGREEMENT.docx
		Samples\Endorsement Agreement Between product manufacturer and licensor of professional athlete apparel company.docx = Samples\Endorsement Agreement Between product manufacturer and licensor of professional athlete apparel company.docx
		Samples\Endowed-Scholarship-Gift-Agreement-Template-June-2016.docx = Samples\Endowed-Scholarship-Gift-Agreement-Template-June-2016.docx
		Samples\EnergyStorage_Agreement.docx = Samples\EnergyStorage_Agreement.docx
		Samples\Enrollment Agreement Requirements and Sample.docx = Samples\Enrollment Agreement Requirements and Sample.docx
		Samples\EnterpriseGIS_SLA_current.docx = Samples\EnterpriseGIS_SLA_current.docx
		Samples\environmental_indemnity_agreement_borrower_and_guarantor.docx = Samples\environmental_indemnity_agreement_borrower_and_guarantor.docx
		Samples\EPA - Template - 11 SEP 15.docx = Samples\EPA - Template - 11 SEP 15.docx
		Samples\epinephrinecollaborativeagreementfinal.docm.docx = Samples\epinephrinecollaborativeagreementfinal.docm.docx
		Samples\Ethics Agreement Guide_2014.docx = Samples\Ethics Agreement Guide_2014.docx
		Samples\EVVEFODCustomerAgreement.docx = Samples\EVVEFODCustomerAgreement.docx
		Samples\Exclusivity_Option-Agreements-for-Wind-Farms-V1.docx = Samples\Exclusivity_Option-Agreements-for-Wind-Farms-V1.docx
		Samples\expert_witness_template.docx = Samples\expert_witness_template.docx
		Samples\exporter-importer-agreement-manure-used-for-agricultural-land-application.docx = Samples\exporter-importer-agreement-manure-used-for-agricultural-land-application.docx
		Samples\Extent of Play Agreement Template.docx = Samples\Extent of Play Agreement Template.docx
		Samples\Eyeota Data Supply Agreement - [Provider] 20YY-MM-DD (Template 2015-08)[2].docx = Samples\Eyeota Data Supply Agreement - [Provider] 20YY-MM-DD (Template 2015-08)[2].docx
		Samples\f00759.docx = Samples\f00759.docx
		Samples\Facilitation_Contract.docx = Samples\Facilitation_Contract.docx
		Samples\facilityaccessagreement.docx = Samples\facilityaccessagreement.docx
		Samples\facilityrentalapplicationform.docx = Samples\facilityrentalapplicationform.docx
		Samples\FCBA-RESIDENTIAL-REAL-ESTATE-CONTRACT-REVSD-JULY-14-2015.docx = Samples\FCBA-RESIDENTIAL-REAL-ESTATE-CONTRACT-REVSD-JULY-14-2015.docx
		Samples\FCHS-IT-Security-and-Privacy-Requirements-Document.docx = Samples\FCHS-IT-Security-and-Privacy-Requirements-Document.docx
		Samples\field-instructor-Learning-Agreement-Instructional-Guide-a.docx = Samples\field-instructor-Learning-Agreement-Instructional-Guide-a.docx
		Samples\file.docx = Samples\file.docx
		Samples\fileticket.docx = Samples\fileticket.docx
		Samples\FINAL CS- 5 year Partner Agreement with ICA 2015 to 2020.docx = Samples\FINAL CS- 5 year Partner Agreement with ICA 2015 to 2020.docx
		Samples\firsttier-formatted.docx = Samples\firsttier-formatted.docx
		Samples\FISCAL-AGENT-AGREEMENT.docx = Samples\FISCAL-AGENT-AGREEMENT.docx
		Samples\flexible-work-schedule-agreement.docx = Samples\flexible-work-schedule-agreement.docx
		Samples\FNW Locum Contract-3.docx = Samples\FNW Locum Contract-3.docx
		Samples\Form 425 College Agency Agreement for Placement of Students.docx = Samples\Form 425 College Agency Agreement for Placement of Students.docx
		Samples\form-of-paying-agent-agreement.docx = Samples\form-of-paying-agent-agreement.docx
		Samples\form-sc513-hhmi-uniform-consulting-agreement-provisions.docx = Samples\form-sc513-hhmi-uniform-consulting-agreement-provisions.docx
		Samples\FormInstructorContract1.docx = Samples\FormInstructorContract1.docx
		Samples\foster-carer-agreement.docx = Samples\foster-carer-agreement.docx
		Samples\FoundersRestrictedUnitAgreement.docx = Samples\FoundersRestrictedUnitAgreement.docx
		Samples\Frame_Component_LA,_09-22-1.docx = Samples\Frame_Component_LA,_09-22-1.docx
		Samples\Framework Agreement.docx = Samples\Framework Agreement.docx
		Samples\freelance-photography-agreement.docx = Samples\freelance-photography-agreement.docx
		Samples\G-030 Exhibit 22.docx = Samples\G-030 Exhibit 22.docx
		Samples\goali-ge-template.docx = Samples\goali-ge-template.docx
		Samples\Google_PD_Distribution_Agreement_template.docx = Samples\Google_PD_Distribution_Agreement_template.docx
		Samples\Grant Agreement Staff.docx = Samples\Grant Agreement Staff.docx
		Samples\H2020-MSCA-PartnershipAgreement-11-15.docx = Samples\H2020-MSCA-PartnershipAgreement-11-15.docx
		Samples\Harvard_Catalyst_Template_LDS_DUA.docx = Samples\Harvard_Catalyst_Template_LDS_DUA.docx
		Samples\HC-Agreement.docx = Samples\HC-Agreement.docx
		Samples\HeadsofAgreement-MASTER-CLEAN.docx = Samples\HeadsofAgreement-MASTER-CLEAN.docx
		Samples\HealthySnack_BevAgrmt_FINAL_20120803.doc.docx = Samples\HealthySnack_BevAgrmt_FINAL_20120803.doc.docx
		Samples\high_school_principal_empl_agreement.docx = Samples\high_school_principal_empl_agreement.docx
		Samples\HiHChildcareAgreementForWebsite.docx = Samples\HiHChildcareAgreementForWebsite.docx
		Samples\IAA_SAMPLE.docx = Samples\IAA_SAMPLE.docx
		Samples\ICA.docx = Samples\ICA.docx
		Samples\ICM-staff-training mobility agreement.docx = Samples\ICM-staff-training mobility agreement.docx
		Samples\if-res-ahs-research-agreement.docx = Samples\if-res-ahs-research-agreement.docx
		Samples\ihg_standard_hotel_contract.doc.docx = Samples\ihg_standard_hotel_contract.doc.docx
		Samples\ime-extension-agreement_tcm19-30269.docx = Samples\ime-extension-agreement_tcm19-30269.docx
		Samples\incubator-client-agreement.docx = Samples\incubator-client-agreement.docx
		Samples\indcontractor_sampleagreement.docx = Samples\indcontractor_sampleagreement.docx
		Samples\Independent Contractor Agreement (ICA).docx = Samples\Independent Contractor Agreement (ICA).docx
		Samples\INDEPENDENT-CONTRACTOR-SALES-REPRESENTATIVE-AGREEMENT-SKILL-DEVELOPMENT-COACH-BLANK-FORM.docx = Samples\INDEPENDENT-CONTRACTOR-SALES-REPRESENTATIVE-AGREEMENT-SKILL-DEVELOPMENT-COACH-BLANK-FORM.docx
		Samples\Independent_Contractor_Agreement_Template.docx = Samples\Independent_Contractor_Agreement_Template.docx
		Samples\Independent_Contractor_Agreement_TEMPLATE__w_ECCS___Instructions___test_.docx = Samples\Independent_Contractor_Agreement_TEMPLATE__w_ECCS___Instructions___test_.docx
		Samples\independentcontractoragreement.docx = Samples\independentcontractoragreement.docx
		Samples\iNETWORKS_Services_Master_Service_Agreement-3.docx = Samples\iNETWORKS_Services_Master_Service_Agreement-3.docx
		Samples\info-sharing-agreement.docx = Samples\info-sharing-agreement.docx
		Samples\Inter-broker Agreement.docx = Samples\Inter-broker Agreement.docx
		Samples\Interconnection Security Agreement (ISA) Template.docx = Samples\Interconnection Security Agreement (ISA) Template.docx
		Samples\InterNACHI-Agreement-PDF-Rev-3-10-15.docx = Samples\InterNACHI-Agreement-PDF-Rev-3-10-15.docx
		Samples\International-Program-Affiliation-Agreement-Model.docx = Samples\International-Program-Affiliation-Agreement-Model.docx
		Samples\international_service_provider_agreement_-_foreign_based.docx = Samples\international_service_provider_agreement_-_foreign_based.docx
		Samples\Internship Master Agreement 2014.docx = Samples\Internship Master Agreement 2014.docx
		Samples\Interreg-CE-partnership-agreement-template.docx = Samples\Interreg-CE-partnership-agreement-template.docx
		Samples\INVESTIGATOR AGREEMENT for devices.docx = Samples\INVESTIGATOR AGREEMENT for devices.docx
		Samples\Investment-and-Subscription-Agreement.aspx.docx = Samples\Investment-and-Subscription-Agreement.aspx.docx
		Samples\ip_toolkit_model_confidentiality_agreement_0.docx = Samples\ip_toolkit_model_confidentiality_agreement_0.docx
		Samples\IPA-QU.docx = Samples\IPA-QU.docx
		Samples\JOINT VENTURE AGREEMENT.docx = Samples\JOINT VENTURE AGREEMENT.docx
		Samples\Joint-Venture-Agreement-Sample.docx = Samples\Joint-Venture-Agreement-Sample.docx
		Samples\JSE_CPT_Venue_Agreement_2017.docx = Samples\JSE_CPT_Venue_Agreement_2017.docx
		Samples\Learning Agreement.docx = Samples\Learning Agreement.docx
		Samples\LectureSeries.docx = Samples\LectureSeries.docx
		Samples\Letter of AGREEMENT.docx = Samples\Letter of AGREEMENT.docx
		Samples\licenseagreement.docx = Samples\licenseagreement.docx
		Samples\lifeestateagreement.docx = Samples\lifeestateagreement.docx
		Samples\Limited-Partnership-Agreement.docx = Samples\Limited-Partnership-Agreement.docx
		Samples\liveincaregiveragreement.docx = Samples\liveincaregiveragreement.docx
		Samples\LMA_MUTUAL_AID_AGREEMENT_FINA.docx[1].docx = Samples\LMA_MUTUAL_AID_AGREEMENT_FINA.docx[1].docx
		Samples\Log-Decking-Agreement.docx = Samples\Log-Decking-Agreement.docx
		Samples\Long-Term-Agreement-Template.docx = Samples\Long-Term-Agreement-Template.docx
		Samples\m-r-agreement.docx = Samples\m-r-agreement.docx
		Samples\m.e.s._contract.docx = Samples\m.e.s._contract.docx
		Samples\MAA1311eng.docx = Samples\MAA1311eng.docx
		Samples\mal-data-processor-agreement.docx = Samples\mal-data-processor-agreement.docx
		Samples\mass-claims-agreement-twc.docx = Samples\mass-claims-agreement-twc.docx
		Samples\masteragreement.docx = Samples\masteragreement.docx
		Samples\MayoDataUseAreement.docx = Samples\MayoDataUseAreement.docx
		Samples\MCDA_template.docx = Samples\MCDA_template.docx
		Samples\MCM_14-05_AttachmentE.docx = Samples\MCM_14-05_AttachmentE.docx
		Samples\MD11-Money-Transmitter-Custodial-and-Pledge-Agreement- Template.docx = Samples\MD11-Money-Transmitter-Custodial-and-Pledge-Agreement- Template.docx
		Samples\Mellanox-SW-EVAL-AGREEMENT(30-day-term).dotx.docx = Samples\Mellanox-SW-EVAL-AGREEMENT(30-day-term).dotx.docx
		Samples\memberserviceagreement_template.docx = Samples\memberserviceagreement_template.docx
		Samples\michaelkors-formatted.docx = Samples\michaelkors-formatted.docx
		Samples\MitsubishiShortFormAuthorizedResellerAgreement.docx = Samples\MitsubishiShortFormAuthorizedResellerAgreement.docx
		Samples\MOAIndividual-Aug19-2016.docx = Samples\MOAIndividual-Aug19-2016.docx
		Samples\Mobizagee-2002.docx = Samples\Mobizagee-2002.docx
		Samples\Model-Consortium-Agreement-FOR-APPROVAL.docx = Samples\Model-Consortium-Agreement-FOR-APPROVAL.docx
		Samples\Model-Joint-Ownership-and-Management-Agreement.docx = Samples\Model-Joint-Ownership-and-Management-Agreement.docx
		Samples\ModelAgreementTemplate.docx = Samples\ModelAgreementTemplate.docx
		Samples\modele_demandehomologation_ang_0.docx = Samples\modele_demandehomologation_ang_0.docx
		Samples\motorolla.docx = Samples\motorolla.docx
		Samples\MOU Agreement.docx = Samples\MOU Agreement.docx
		Samples\mou_template.docx = Samples\mou_template.docx
		Samples\mpp-agreement-template.docx = Samples\mpp-agreement-template.docx
		Samples\MPSALicensingManualWWENGAug2016CR.docx = Samples\MPSALicensingManualWWENGAug2016CR.docx
		Samples\MSA Overview Print Materials for 2013 Duck Lunch (2).docx = Samples\MSA Overview Print Materials for 2013 Duck Lunch (2).docx
		Samples\music-license-stream_synch_mechanical-final-2.docx = Samples\music-license-stream_synch_mechanical-final-2.docx
		Samples\N145.docx = Samples\N145.docx
		Samples\nano-argovia_accessory_agreement.docx = Samples\nano-argovia_accessory_agreement.docx
		Samples\NERLModelLicense111412.docx = Samples\NERLModelLicense111412.docx
		Samples\nesteddef-formatted.docx = Samples\nesteddef-formatted.docx
		Samples\nhmrc_go8_mia_2017-final-11nov2016_unsw.docx = Samples\nhmrc_go8_mia_2017-final-11nov2016_unsw.docx
		Samples\No-Spray-Agreement-Sample.docx = Samples\No-Spray-Agreement-Sample.docx
		Samples\Non-Exclusive-EPM-Live-Reseller-Agreement-2012.docx = Samples\Non-Exclusive-EPM-Live-Reseller-Agreement-2012.docx
		Samples\Nondisclosure Agreement.docx = Samples\Nondisclosure Agreement.docx
		Samples\NPP Contract for Services Template (Anx C)  - English.docx = Samples\NPP Contract for Services Template (Anx C)  - English.docx
		Samples\NRECACyberSecurityStandards.docx = Samples\NRECACyberSecurityStandards.docx
		Samples\NW Line 4 Local Agreement 2-1-2015 thru 1-31-18.docx = Samples\NW Line 4 Local Agreement 2-1-2015 thru 1-31-18.docx
		Samples\ogc-sc724.docx = Samples\ogc-sc724.docx
		Samples\ogrenci_yukumluluk_ing_12032014_1__1.docx = Samples\ogrenci_yukumluluk_ing_12032014_1__1.docx
		Samples\On_Hire_Employee_Agreement_110313.docx = Samples\On_Hire_Employee_Agreement_110313.docx
		Samples\Opioid-Treatment-Agreement.docx = Samples\Opioid-Treatment-Agreement.docx
		Samples\opt-out-agreement.docx = Samples\opt-out-agreement.docx
		Samples\Outdoor-ceremony-agreement-form.docx = Samples\Outdoor-ceremony-agreement-form.docx
		Samples\outsourced_support_sla.docx = Samples\outsourced_support_sla.docx
		Samples\p-600 Professional Services Agreement Final 112315.docx = Samples\p-600 Professional Services Agreement Final 112315.docx
		Samples\parsonage use agreement rev 2016.docx = Samples\parsonage use agreement rev 2016.docx
		Samples\Partner-Agreement.docx = Samples\Partner-Agreement.docx
		Samples\paternship.docx = Samples\paternship.docx
		Samples\perf-stand-agreement.docx = Samples\perf-stand-agreement.docx
		Samples\Performance-agreement-template.docx = Samples\Performance-agreement-template.docx
		Samples\PGL-WIOA-WIA-2010-01_Work-Experience-attach-01-WE-Agreement-Model.docx = Samples\PGL-WIOA-WIA-2010-01_Work-Experience-attach-01-WE-Agreement-Model.docx
		Samples\phd-standard-funding-agreement.docx = Samples\phd-standard-funding-agreement.docx
		Samples\PhD_Model_agreement_Academic_and_Scientific_Cooperation_def2.docx = Samples\PhD_Model_agreement_Academic_and_Scientific_Cooperation_def2.docx
		Samples\Photo Licensing Agreement 2016.docx = Samples\Photo Licensing Agreement 2016.docx
		Samples\PhysicianAndPhysicianAssistant.docx = Samples\PhysicianAndPhysicianAssistant.docx
		Samples\Physiotherapist-Employment-Agreement.docx = Samples\Physiotherapist-Employment-Agreement.docx
		Samples\Piecework-agreement-horticulture-award.docx = Samples\Piecework-agreement-horticulture-award.docx
		Samples\PivotPitch_NonDisclosureAgreement.docx = Samples\PivotPitch_NonDisclosureAgreement.docx
		Samples\poloco-formatted.docx = Samples\poloco-formatted.docx
		Samples\PP_12_A.docx = Samples\PP_12_A.docx
		Samples\Prescribed-Form-First-Nation-Agreement.docx = Samples\Prescribed-Form-First-Nation-Agreement.docx
		Samples\Prescribed-Form-Municipal-Agreement.docx = Samples\Prescribed-Form-Municipal-Agreement.docx
		Samples\Priloga 2 (Learning Agreement).docx = Samples\Priloga 2 (Learning Agreement).docx
		Samples\priv-access-agree-indiv.docx = Samples\priv-access-agree-indiv.docx
		Samples\Probationary_Associate_Agreement_-_Template.docx = Samples\Probationary_Associate_Agreement_-_Template.docx
		Samples\procedure-902.5-exhibit-f-agreement-for-storing-materials-off-site.docx = Samples\procedure-902.5-exhibit-f-agreement-for-storing-materials-off-site.docx
		Samples\ProductDesignServicesAgreement.docx = Samples\ProductDesignServicesAgreement.docx
		Samples\ProfessionalServicesAgreement.docx = Samples\ProfessionalServicesAgreement.docx
		Samples\PROG_UN Agency to UN Agency Contribution Agreement.docx = Samples\PROG_UN Agency to UN Agency Contribution Agreement.docx
		Samples\program agreement.docx = Samples\program agreement.docx
		Samples\Project Management Services Agreement Dated 03-18-14(Riskmgmt4.28.14).docx = Samples\Project Management Services Agreement Dated 03-18-14(Riskmgmt4.28.14).docx
		Samples\project_agreement.docx = Samples\project_agreement.docx
		Samples\Project_Partnership_Agreement_-_Final.docx = Samples\Project_Partnership_Agreement_-_Final.docx
		Samples\Prolongation_Agreement_SNI_Argovia-1.docx = Samples\Prolongation_Agreement_SNI_Argovia-1.docx
		Samples\Promissory Note-Repayment Agreement for Advance.docx = Samples\Promissory Note-Repayment Agreement for Advance.docx
		Samples\promnote-formatted.docx = Samples\promnote-formatted.docx
		Samples\PROPERTY+MANAGEMENT+AGREEMENT+New.docx = Samples\PROPERTY+MANAGEMENT+AGREEMENT+New.docx
		Samples\PROPOSED LIMITED LEGAL SERVICES RETAINER AGREEMENT.docx = Samples\PROPOSED LIMITED LEGAL SERVICES RETAINER AGREEMENT.docx
		Samples\prospectus-formatted.docx = Samples\prospectus-formatted.docx
		Samples\PSA_Packet.docx = Samples\PSA_Packet.docx
		Samples\PSO-MP Agreement_17Jan2017.docx = Samples\PSO-MP Agreement_17Jan2017.docx
		Samples\pss-exempt-employment-agreement-template.docx = Samples\pss-exempt-employment-agreement-template.docx
		Samples\PSU_Innovation_CSO engagement and E-tendering_CSO Responsible Party Agreement (LSO 20150714).docx = Samples\PSU_Innovation_CSO engagement and E-tendering_CSO Responsible Party Agreement (LSO 20150714).docx
		Samples\public-formatted.docx = Samples\public-formatted.docx
		Samples\PurchasingAgent.docx = Samples\PurchasingAgent.docx
		Samples\PV-OM-Agreement-Form.docx = Samples\PV-OM-Agreement-Form.docx
		Samples\RandstadSony-Staffing Services Agr-REV-RSR-102213(SPE Risk Mgmt cmnts 10-28-13).docx = Samples\RandstadSony-Staffing Services Agr-REV-RSR-102213(SPE Risk Mgmt cmnts 10-28-13).docx
		Samples\RECO-Buying-and-selling-representation-agreements.docx = Samples\RECO-Buying-and-selling-representation-agreements.docx
		Samples\Recruitment_Rep_Agmt_Extended_Education.docx = Samples\Recruitment_Rep_Agmt_Extended_Education.docx
		Samples\Referral_Agreement_Form(1).docx = Samples\Referral_Agreement_Form(1).docx
		Samples\REFIT TCA FINAL.docx = Samples\REFIT TCA FINAL.docx
		Samples\Remote_Worker_Agreement_Template_Form.docx = Samples\Remote_Worker_Agreement_Template_Form.docx
		Samples\rental-agreement.docx = Samples\rental-agreement.docx
		Samples\repurchase-formatted.docx = Samples\repurchase-formatted.docx
		Samples\Research Agreement.docx = Samples\Research Agreement.docx
		Samples\Residential-Program-Admission-Agreement-Dec-2016.docx = Samples\Residential-Program-Admission-Agreement-Dec-2016.docx
		Samples\restaurant-formatted.docx = Samples\restaurant-formatted.docx
		Samples\Restricted_Stock_Agreement-Founder.docx = Samples\Restricted_Stock_Agreement-Founder.docx
		Samples\RFP38826_Attachment_D.docx = Samples\RFP38826_Attachment_D.docx
		Samples\rgpo_attach-4.docx = Samples\rgpo_attach-4.docx
		Samples\RSPA_SaaS_Contract.docx = Samples\RSPA_SaaS_Contract.docx
		Samples\RUP-Staff-v1-2.docx = Samples\RUP-Staff-v1-2.docx
		Samples\sa1682_060616_protected-1.docx = Samples\sa1682_060616_protected-1.docx
		Samples\Sales_Agent_Registration_Agreement_FINAL.docx = Samples\Sales_Agent_Registration_Agreement_FINAL.docx
		Samples\Sample - Voir Dire to Put Custody Agreement on Record.docx = Samples\Sample - Voir Dire to Put Custody Agreement on Record.docx
		Samples\Sample Donation Agreement V1.0 (03.2016).docx = Samples\Sample Donation Agreement V1.0 (03.2016).docx
		Samples\Sample DSA.docx = Samples\Sample DSA.docx
		Samples\SAMPLE LANGUAGE - Step 3.docx = Samples\SAMPLE LANGUAGE - Step 3.docx
		Samples\SAMPLE MEDICAL MARIJUANA TREATMENT AGREEMENT.docx = Samples\SAMPLE MEDICAL MARIJUANA TREATMENT AGREEMENT.docx
		Samples\Sample Stipend Agreement.docx = Samples\Sample Stipend Agreement.docx
		Samples\sample-affiliation-agreement.docx = Samples\sample-affiliation-agreement.docx
		Samples\Sample-Estate-Planning-Legal-Services-Agreement.docx = Samples\Sample-Estate-Planning-Legal-Services-Agreement.docx
		Samples\sample-fiscal-sponsorship-agreement-re-grant-model.docx = Samples\sample-fiscal-sponsorship-agreement-re-grant-model.docx
		Samples\Sample-LandUseAgreement-1.docx = Samples\Sample-LandUseAgreement-1.docx
		Samples\Sample-LLP-Agreement.docx = Samples\Sample-LLP-Agreement.docx
		Samples\Sample_Consulting_Agreement.docx = Samples\Sample_Consulting_Agreement.docx
		Samples\Sample_Lease_Agreement.docx = Samples\Sample_Lease_Agreement.docx
		Samples\Sample_Memorandum_Agreement.docx = Samples\Sample_Memorandum_Agreement.docx
		Samples\SampleclausesFDagreementsfill_June162015.docx = Samples\SampleclausesFDagreementsfill_June162015.docx
		Samples\SampleIndependentContractorAgreementFinal-Fall2014.docx = Samples\SampleIndependentContractorAgreementFinal-Fall2014.docx
		Samples\SampleSpaceUseAgreement.docx = Samples\SampleSpaceUseAgreement.docx
		Samples\Sara-Residence-Contract-Rate-2014.docx = Samples\Sara-Residence-Contract-Rate-2014.docx
		Samples\Scholarship Fund Agreement FINAL.docx = Samples\Scholarship Fund Agreement FINAL.docx
		Samples\securities-formatted.docx = Samples\securities-formatted.docx
		Samples\securitydoc-formatted.docx = Samples\securitydoc-formatted.docx
		Samples\SEO-Agreement.docx = Samples\SEO-Agreement.docx
		Samples\service-provider-agreement.docx = Samples\service-provider-agreement.docx
		Samples\ServiceAgreementDraft.docx = Samples\ServiceAgreementDraft.docx
		Samples\servicing-formatted.docx = Samples\servicing-formatted.docx
		Samples\sfsp-food-svc-agmt-less-than-150000.docx = Samples\sfsp-food-svc-agmt-less-than-150000.docx
		Samples\sha-template.docx = Samples\sha-template.docx
		Samples\Shared-Living-Agreement-Template_JBF-Tool.docx = Samples\Shared-Living-Agreement-Template_JBF-Tool.docx
		Samples\Shareholders-Agreement.aspx.docx = Samples\Shareholders-Agreement.aspx.docx
		Samples\SIUE_amendment_version.1.1.docx = Samples\SIUE_amendment_version.1.1.docx
		Samples\SLTN-LTG-Tool-Loan-Agreement-2014.docx = Samples\SLTN-LTG-Tool-Loan-Agreement-2014.docx
		Samples\SMPTE-Online-Products-Agreement-Individual.docx = Samples\SMPTE-Online-Products-Agreement-Individual.docx
		Samples\Software_License_Agreement_Template.docx = Samples\Software_License_Agreement_Template.docx
		Samples\Speaker Agreement Letter.docx = Samples\Speaker Agreement Letter.docx
		Samples\Speaker-Agreement-Model.doc.docx = Samples\Speaker-Agreement-Model.doc.docx
		Samples\Sponsorship-Agreement-Local.docx = Samples\Sponsorship-Agreement-Local.docx
		Samples\Sponsorship-Agreement-Template.docx = Samples\Sponsorship-Agreement-Template.docx
		Samples\SSR AR Retail Agreement.docx = Samples\SSR AR Retail Agreement.docx
		Samples\STA_Staff_Teaching_Agreement_20162017.docx = Samples\STA_Staff_Teaching_Agreement_20162017.docx
		Samples\Standard Contract Template For Consulting Services.docx = Samples\Standard Contract Template For Consulting Services.docx
		Samples\Standard_STTR_Agreement_1-26-11.docx = Samples\Standard_STTR_Agreement_1-26-11.docx
		Samples\Standard_TV_Free.docx = Samples\Standard_TV_Free.docx
		Samples\statewide_mutual_aid_agreement.docx = Samples\statewide_mutual_aid_agreement.docx
		Samples\stock-formatted.docx = Samples\stock-formatted.docx
		Samples\Stormater-Facility-Maintenance-and-Monitoring-Agreement.docx = Samples\Stormater-Facility-Maintenance-and-Monitoring-Agreement.docx
		Samples\STT_Staff_Training_KA107_Agreement_2016_ template_18112016.docx = Samples\STT_Staff_Training_KA107_Agreement_2016_ template_18112016.docx
		Samples\STTR-TTA_Template_updated_Dec_13.docx = Samples\STTR-TTA_Template_updated_Dec_13.docx
		Samples\student-intern-placement-agreement-j-1-student-intern.original.docx = Samples\student-intern-placement-agreement-j-1-student-intern.original.docx
		Samples\study_abroad_agreement_template_version_2.docx = Samples\study_abroad_agreement_template_version_2.docx
		Samples\Subaward Agreements_KB.docx = Samples\Subaward Agreements_KB.docx
		Samples\sublease-agreement.docx = Samples\sublease-agreement.docx
		Samples\Supplier-Confidentiality-Agreement-022714.aspx.docx = Samples\Supplier-Confidentiality-Agreement-022714.aspx.docx
		Samples\Tealium_Service_Terms_030915OT.docx = Samples\Tealium_Service_Terms_030915OT.docx
		Samples\TEAMING-AGREEMENT-OmniAir.docx = Samples\TEAMING-AGREEMENT-OmniAir.docx
		Samples\Teaming-Agreement.docx = Samples\Teaming-Agreement.docx
		Samples\Technical Services Agreement Generic.docx = Samples\Technical Services Agreement Generic.docx
		Samples\Technical_Services_Agreement.docx = Samples\Technical_Services_Agreement.docx
		Samples\telework_agreement.docx = Samples\telework_agreement.docx
		Samples\teligent-formatted.docx = Samples\teligent-formatted.docx
		Samples\Template Mutual Nondisclosure Agreement.docx = Samples\Template Mutual Nondisclosure Agreement.docx
		Samples\Template_-_Real_Estate_Purchase_and_Sale_Agreement_120522.DOCX.docx = Samples\Template_-_Real_Estate_Purchase_and_Sale_Agreement_120522.DOCX.docx
		Samples\template_license_for_use_of_another_party_trademark.docx = Samples\template_license_for_use_of_another_party_trademark.docx
		Samples\Texas Residential Lease Agreement.docx = Samples\Texas Residential Lease Agreement.docx
		Samples\Tool-1-Sample-FHT-FHO-PHIPA-Agency-Agreement1.docx = Samples\Tool-1-Sample-FHT-FHO-PHIPA-Agency-Agreement1.docx
		Samples\Training-Agreement-NON-ERASMUS.docx = Samples\Training-Agreement-NON-ERASMUS.docx
		Samples\Training_Agreement_2017.docx = Samples\Training_Agreement_2017.docx
		Samples\transaction-formatted.docx = Samples\transaction-formatted.docx
		Samples\TransferCreditAgreement.docx = Samples\TransferCreditAgreement.docx
		Samples\ttt-supplier-data-processing-agreement-appendix-en-august2016.docx = Samples\ttt-supplier-data-processing-agreement-appendix-en-august2016.docx
		Samples\TtTAgreement_June2012.docx = Samples\TtTAgreement_June2012.docx
		Samples\tufts_gdd_data_share_agreement.docx = Samples\tufts_gdd_data_share_agreement.docx
		Samples\ucl-data-processing-agreement.docx = Samples\ucl-data-processing-agreement.docx
		Samples\UEx-China Interinstitutional Agreement template.docx = Samples\UEx-China Interinstitutional Agreement template.docx
		Samples\UHN-MTA-Equipment-v2_2014-Sept-JD_email-contact-updated.docx = Samples\UHN-MTA-Equipment-v2_2014-Sept-JD_email-contact-updated.docx
		Samples\UNIDO-WB-TA-June-7-2016-SIGNED.docx = Samples\UNIDO-WB-TA-June-7-2016-SIGNED.docx
		Samples\uniform_return_agreement.docx = Samples\uniform_return_agreement.docx
		Samples\User-Agreement-Domestic.docx = Samples\User-Agreement-Domestic.docx
		Samples\UTDallas_AA_Template.docm.docx = Samples\UTDallas_AA_Template.docm.docx
		Samples\VA_-_Blank_Goverment_Assignment_Agreement.docx = Samples\VA_-_Blank_Goverment_Assignment_Agreement.docx
		Samples\VareniclineDataTransferAgreement.docx = Samples\VareniclineDataTransferAgreement.docx
		Samples\vendor-contract-working-2.docx = Samples\vendor-contract-working-2.docx
		Samples\Virginia Model MOU.docx = Samples\Virginia Model MOU.docx
		Samples\Volunteer Agreement.docx = Samples\Volunteer Agreement.docx
		Samples\Voting-Agreement-CVCA-Cdn-Version-Dec-2015.docx = Samples\Voting-Agreement-CVCA-Cdn-Version-Dec-2015.docx
		Samples\Waste_Transportation_Disposal_and_Recycling_Agreement_Contract.sflb.ashx.docx = Samples\Waste_Transportation_Disposal_and_Recycling_Agreement_Contract.sflb.ashx.docx
		Samples\WKC-Seven-For-Parties-Single-Event-Outside-Caterer-Contract.docx = Samples\WKC-Seven-For-Parties-Single-Event-Outside-Caterer-Contract.docx
		Samples\work_experience_agreement_sample.docx = Samples\work_experience_agreement_sample.docx
		Samples\y14508-escrow-perf-sec.docx = Samples\y14508-escrow-perf-sec.docx
	EndProjectSection
EndProject
Global
	GlobalSection(SolutionConfigurationPlatforms) = preSolution
		Debug|Any CPU = Debug|Any CPU
		Release|Any CPU = Release|Any CPU
	EndGlobalSection
	GlobalSection(ProjectConfigurationPlatforms) = postSolution
		{0CF6B9B7-4856-46BB-A59A-01A08198FB82}.Debug|Any CPU.ActiveCfg = Debug|Any CPU
		{0CF6B9B7-4856-46BB-A59A-01A08198FB82}.Debug|Any CPU.Build.0 = Debug|Any CPU
		{0CF6B9B7-4856-46BB-A59A-01A08198FB82}.Release|Any CPU.ActiveCfg = Release|Any CPU
		{0CF6B9B7-4856-46BB-A59A-01A08198FB82}.Release|Any CPU.Build.0 = Release|Any CPU
		{D18C816E-3B82-4BEA-A00C-1E74777B9A20}.Debug|Any CPU.ActiveCfg = Debug|Any CPU
		{D18C816E-3B82-4BEA-A00C-1E74777B9A20}.Debug|Any CPU.Build.0 = Debug|Any CPU
		{D18C816E-3B82-4BEA-A00C-1E74777B9A20}.Release|Any CPU.ActiveCfg = Release|Any CPU
		{D18C816E-3B82-4BEA-A00C-1E74777B9A20}.Release|Any CPU.Build.0 = Release|Any CPU
		{989C5117-46AA-4B24-A153-D61F50954625}.Debug|Any CPU.ActiveCfg = Debug|Any CPU
		{989C5117-46AA-4B24-A153-D61F50954625}.Debug|Any CPU.Build.0 = Debug|Any CPU
		{989C5117-46AA-4B24-A153-D61F50954625}.Release|Any CPU.ActiveCfg = Release|Any CPU
		{989C5117-46AA-4B24-A153-D61F50954625}.Release|Any CPU.Build.0 = Release|Any CPU
		{30AABA21-FE31-48B4-93C6-44BC28AC563D}.Debug|Any CPU.ActiveCfg = Debug|Any CPU
		{30AABA21-FE31-48B4-93C6-44BC28AC563D}.Debug|Any CPU.Build.0 = Debug|Any CPU
		{30AABA21-FE31-48B4-93C6-44BC28AC563D}.Release|Any CPU.ActiveCfg = Release|Any CPU
		{30AABA21-FE31-48B4-93C6-44BC28AC563D}.Release|Any CPU.Build.0 = Release|Any CPU
	EndGlobalSection
	GlobalSection(SolutionProperties) = preSolution
		HideSolutionNode = FALSE
	EndGlobalSection
	GlobalSection(ExtensibilityGlobals) = postSolution
		SolutionGuid = {ABD6D886-B283-43D1-AED1-C7A85DC7E020}
	EndGlobalSection
	GlobalSection(Performance) = preSolution
		HasPerformanceSessions = true
	EndGlobalSection
EndGlobal
